// !$*UTF8*$!
{
	archiveVersion = 1;
	classes = {
	};
	objectVersion = 48;
	objects = {

/* Begin PBXBuildFile section */
		8591212F21EC78E1000E5E7A /* AppDelegate.swift in Sources */ = {isa = PBXBuildFile; fileRef = 8591212E21EC78E1000E5E7A /* AppDelegate.swift */; };
		8591213121EC78E1000E5E7A /* ViewController.swift in Sources */ = {isa = PBXBuildFile; fileRef = 8591213021EC78E1000E5E7A /* ViewController.swift */; };
		8591213421EC78E1000E5E7A /* Main.storyboard in Resources */ = {isa = PBXBuildFile; fileRef = 8591213221EC78E1000E5E7A /* Main.storyboard */; };
		8591213621EC78E1000E5E7A /* Assets.xcassets in Resources */ = {isa = PBXBuildFile; fileRef = 8591213521EC78E1000E5E7A /* Assets.xcassets */; };
		8591213921EC78E1000E5E7A /* LaunchScreen.storyboard in Resources */ = {isa = PBXBuildFile; fileRef = 8591213721EC78E1000E5E7A /* LaunchScreen.storyboard */; };
		8591214421EC78E1000E5E7A /* omrekenkoersTests.swift in Sources */ = {isa = PBXBuildFile; fileRef = 8591214321EC78E1000E5E7A /* omrekenkoersTests.swift */; };
		8591214F21EC78E1000E5E7A /* omrekenkoersUITests.swift in Sources */ = {isa = PBXBuildFile; fileRef = 8591214E21EC78E1000E5E7A /* omrekenkoersUITests.swift */; };
/* End PBXBuildFile section */

/* Begin PBXContainerItemProxy section */
		8591214021EC78E1000E5E7A /* PBXContainerItemProxy */ = {
			isa = PBXContainerItemProxy;
			containerPortal = 8591212321EC78E1000E5E7A /* Project object */;
			proxyType = 1;
			remoteGlobalIDString = 8591212A21EC78E1000E5E7A;
			remoteInfo = omrekenkoers;
		};
		8591214B21EC78E1000E5E7A /* PBXContainerItemProxy */ = {
			isa = PBXContainerItemProxy;
			containerPortal = 8591212321EC78E1000E5E7A /* Project object */;
			proxyType = 1;
			remoteGlobalIDString = 8591212A21EC78E1000E5E7A;
			remoteInfo = omrekenkoers;
		};
/* End PBXContainerItemProxy section */

/* Begin PBXFileReference section */
		8591212B21EC78E1000E5E7A /* omrekenkoers.app */ = {isa = PBXFileReference; explicitFileType = wrapper.application; includeInIndex = 0; path = omrekenkoers.app; sourceTree = BUILT_PRODUCTS_DIR; };
		8591212E21EC78E1000E5E7A /* AppDelegate.swift */ = {isa = PBXFileReference; lastKnownFileType = sourcecode.swift; path = AppDelegate.swift; sourceTree = "<group>"; };
		8591213021EC78E1000E5E7A /* ViewController.swift */ = {isa = PBXFileReference; lastKnownFileType = sourcecode.swift; path = ViewController.swift; sourceTree = "<group>"; };
		8591213321EC78E1000E5E7A /* Base */ = {isa = PBXFileReference; lastKnownFileType = file.storyboard; name = Base; path = Base.lproj/Main.storyboard; sourceTree = "<group>"; };
		8591213521EC78E1000E5E7A /* Assets.xcassets */ = {isa = PBXFileReference; lastKnownFileType = folder.assetcatalog; path = Assets.xcassets; sourceTree = "<group>"; };
		8591213821EC78E1000E5E7A /* Base */ = {isa = PBXFileReference; lastKnownFileType = file.storyboard; name = Base; path = Base.lproj/LaunchScreen.storyboard; sourceTree = "<group>"; };
		8591213A21EC78E1000E5E7A /* Info.plist */ = {isa = PBXFileReference; lastKnownFileType = text.plist.xml; path = Info.plist; sourceTree = "<group>"; };
		8591213F21EC78E1000E5E7A /* omrekenkoersTests.xctest */ = {isa = PBXFileReference; explicitFileType = wrapper.cfbundle; includeInIndex = 0; path = omrekenkoersTests.xctest; sourceTree = BUILT_PRODUCTS_DIR; };
		8591214321EC78E1000E5E7A /* omrekenkoersTests.swift */ = {isa = PBXFileReference; lastKnownFileType = sourcecode.swift; path = omrekenkoersTests.swift; sourceTree = "<group>"; };
		8591214521EC78E1000E5E7A /* Info.plist */ = {isa = PBXFileReference; lastKnownFileType = text.plist.xml; path = Info.plist; sourceTree = "<group>"; };
		8591214A21EC78E1000E5E7A /* omrekenkoersUITests.xctest */ = {isa = PBXFileReference; explicitFileType = wrapper.cfbundle; includeInIndex = 0; path = omrekenkoersUITests.xctest; sourceTree = BUILT_PRODUCTS_DIR; };
		8591214E21EC78E1000E5E7A /* omrekenkoersUITests.swift */ = {isa = PBXFileReference; lastKnownFileType = sourcecode.swift; path = omrekenkoersUITests.swift; sourceTree = "<group>"; };
		8591215021EC78E1000E5E7A /* Info.plist */ = {isa = PBXFileReference; lastKnownFileType = text.plist.xml; path = Info.plist; sourceTree = "<group>"; };
/* End PBXFileReference section */

/* Begin PBXFrameworksBuildPhase section */
		8591212821EC78E1000E5E7A /* Frameworks */ = {
			isa = PBXFrameworksBuildPhase;
			buildActionMask = 2147483647;
			files = (
			);
			runOnlyForDeploymentPostprocessing = 0;
		};
		8591213C21EC78E1000E5E7A /* Frameworks */ = {
			isa = PBXFrameworksBuildPhase;
			buildActionMask = 2147483647;
			files = (
			);
			runOnlyForDeploymentPostprocessing = 0;
		};
		8591214721EC78E1000E5E7A /* Frameworks */ = {
			isa = PBXFrameworksBuildPhase;
			buildActionMask = 2147483647;
			files = (
			);
			runOnlyForDeploymentPostprocessing = 0;
		};
/* End PBXFrameworksBuildPhase section */

/* Begin PBXGroup section */
		8591212221EC78E1000E5E7A = {
			isa = PBXGroup;
			children = (
				8591212D21EC78E1000E5E7A /* omrekenkoers */,
				8591214221EC78E1000E5E7A /* omrekenkoersTests */,
				8591214D21EC78E1000E5E7A /* omrekenkoersUITests */,
				8591212C21EC78E1000E5E7A /* Products */,
			);
			sourceTree = "<group>";
		};
		8591212C21EC78E1000E5E7A /* Products */ = {
			isa = PBXGroup;
			children = (
				8591212B21EC78E1000E5E7A /* omrekenkoers.app */,
				8591213F21EC78E1000E5E7A /* omrekenkoersTests.xctest */,
				8591214A21EC78E1000E5E7A /* omrekenkoersUITests.xctest */,
			);
			name = Products;
			sourceTree = "<group>";
		};
		8591212D21EC78E1000E5E7A /* omrekenkoers */ = {
			isa = PBXGroup;
			children = (
				8591212E21EC78E1000E5E7A /* AppDelegate.swift */,
				8591213021EC78E1000E5E7A /* ViewController.swift */,
				8591213221EC78E1000E5E7A /* Main.storyboard */,
				8591213521EC78E1000E5E7A /* Assets.xcassets */,
				8591213721EC78E1000E5E7A /* LaunchScreen.storyboard */,
				8591213A21EC78E1000E5E7A /* Info.plist */,
			);
			path = omrekenkoers;
			sourceTree = "<group>";
		};
		8591214221EC78E1000E5E7A /* omrekenkoersTests */ = {
			isa = PBXGroup;
			children = (
				8591214321EC78E1000E5E7A /* omrekenkoersTests.swift */,
				8591214521EC78E1000E5E7A /* Info.plist */,
			);
			path = omrekenkoersTests;
			sourceTree = "<group>";
		};
		8591214D21EC78E1000E5E7A /* omrekenkoersUITests */ = {
			isa = PBXGroup;
			children = (
				8591214E21EC78E1000E5E7A /* omrekenkoersUITests.swift */,
				8591215021EC78E1000E5E7A /* Info.plist */,
			);
			path = omrekenkoersUITests;
			sourceTree = "<group>";
		};
/* End PBXGroup section */

/* Begin PBXNativeTarget section */
		8591212A21EC78E1000E5E7A /* omrekenkoers */ = {
			isa = PBXNativeTarget;
			buildConfigurationList = 8591215321EC78E1000E5E7A /* Build configuration list for PBXNativeTarget "omrekenkoers" */;
			buildPhases = (
				8591212721EC78E1000E5E7A /* Sources */,
				8591212821EC78E1000E5E7A /* Frameworks */,
				8591212921EC78E1000E5E7A /* Resources */,
			);
			buildRules = (
			);
			dependencies = (
			);
			name = omrekenkoers;
			productName = omrekenkoers;
			productReference = 8591212B21EC78E1000E5E7A /* omrekenkoers.app */;
			productType = "com.apple.product-type.application";
		};
		8591213E21EC78E1000E5E7A /* omrekenkoersTests */ = {
			isa = PBXNativeTarget;
			buildConfigurationList = 8591215621EC78E1000E5E7A /* Build configuration list for PBXNativeTarget "omrekenkoersTests" */;
			buildPhases = (
				8591213B21EC78E1000E5E7A /* Sources */,
				8591213C21EC78E1000E5E7A /* Frameworks */,
				8591213D21EC78E1000E5E7A /* Resources */,
			);
			buildRules = (
			);
			dependencies = (
				8591214121EC78E1000E5E7A /* PBXTargetDependency */,
			);
			name = omrekenkoersTests;
			productName = omrekenkoersTests;
			productReference = 8591213F21EC78E1000E5E7A /* omrekenkoersTests.xctest */;
			productType = "com.apple.product-type.bundle.unit-test";
		};
		8591214921EC78E1000E5E7A /* omrekenkoersUITests */ = {
			isa = PBXNativeTarget;
			buildConfigurationList = 8591215921EC78E1000E5E7A /* Build configuration list for PBXNativeTarget "omrekenkoersUITests" */;
			buildPhases = (
				8591214621EC78E1000E5E7A /* Sources */,
				8591214721EC78E1000E5E7A /* Frameworks */,
				8591214821EC78E1000E5E7A /* Resources */,
			);
			buildRules = (
			);
			dependencies = (
				8591214C21EC78E1000E5E7A /* PBXTargetDependency */,
			);
			name = omrekenkoersUITests;
			productName = omrekenkoersUITests;
			productReference = 8591214A21EC78E1000E5E7A /* omrekenkoersUITests.xctest */;
			productType = "com.apple.product-type.bundle.ui-testing";
		};
/* End PBXNativeTarget section */

/* Begin PBXProject section */
		8591212321EC78E1000E5E7A /* Project object */ = {
			isa = PBXProject;
			attributes = {
				LastSwiftUpdateCheck = 0920;
				LastUpgradeCheck = 0920;
				ORGANIZATIONNAME = "Kristian du Pree";
				TargetAttributes = {
					8591212A21EC78E1000E5E7A = {
						CreatedOnToolsVersion = 9.2;
						ProvisioningStyle = Automatic;
					};
					8591213E21EC78E1000E5E7A = {
						CreatedOnToolsVersion = 9.2;
						ProvisioningStyle = Automatic;
						TestTargetID = 8591212A21EC78E1000E5E7A;
					};
					8591214921EC78E1000E5E7A = {
						CreatedOnToolsVersion = 9.2;
						ProvisioningStyle = Automatic;
						TestTargetID = 8591212A21EC78E1000E5E7A;
					};
				};
			};
			buildConfigurationList = 8591212621EC78E1000E5E7A /* Build configuration list for PBXProject "omrekenkoers" */;
			compatibilityVersion = "Xcode 8.0";
			developmentRegion = en;
			hasScannedForEncodings = 0;
			knownRegions = (
				en,
				Base,
			);
			mainGroup = 8591212221EC78E1000E5E7A;
			productRefGroup = 8591212C21EC78E1000E5E7A /* Products */;
			projectDirPath = "";
			projectRoot = "";
			targets = (
				8591212A21EC78E1000E5E7A /* omrekenkoers */,
				8591213E21EC78E1000E5E7A /* omrekenkoersTests */,
				8591214921EC78E1000E5E7A /* omrekenkoersUITests */,
			);
		};
/* End PBXProject section */

/* Begin PBXResourcesBuildPhase section */
		8591212921EC78E1000E5E7A /* Resources */ = {
			isa = PBXResourcesBuildPhase;
			buildActionMask = 2147483647;
			files = (
				8591213921EC78E1000E5E7A /* LaunchScreen.storyboard in Resources */,
				8591213621EC78E1000E5E7A /* Assets.xcassets in Resources */,
				8591213421EC78E1000E5E7A /* Main.storyboard in Resources */,
			);
			runOnlyForDeploymentPostprocessing = 0;
		};
		8591213D21EC78E1000E5E7A /* Resources */ = {
			isa = PBXResourcesBuildPhase;
			buildActionMask = 2147483647;
			files = (
			);
			runOnlyForDeploymentPostprocessing = 0;
		};
		8591214821EC78E1000E5E7A /* Resources */ = {
			isa = PBXResourcesBuildPhase;
			buildActionMask = 2147483647;
			files = (
			);
			runOnlyForDeploymentPostprocessing = 0;
		};
/* End PBXResourcesBuildPhase section */

/* Begin PBXSourcesBuildPhase section */
		8591212721EC78E1000E5E7A /* Sources */ = {
			isa = PBXSourcesBuildPhase;
			buildActionMask = 2147483647;
			files = (
				8591213121EC78E1000E5E7A /* ViewController.swift in Sources */,
				8591212F21EC78E1000E5E7A /* AppDelegate.swift in Sources */,
			);
			runOnlyForDeploymentPostprocessing = 0;
		};
		8591213B21EC78E1000E5E7A /* Sources */ = {
			isa = PBXSourcesBuildPhase;
			buildActionMask = 2147483647;
			files = (
				8591214421EC78E1000E5E7A /* omrekenkoersTests.swift in Sources */,
			);
			runOnlyForDeploymentPostprocessing = 0;
		};
		8591214621EC78E1000E5E7A /* Sources */ = {
			isa = PBXSourcesBuildPhase;
			buildActionMask = 2147483647;
			files = (
				8591214F21EC78E1000E5E7A /* omrekenkoersUITests.swift in Sources */,
			);
			runOnlyForDeploymentPostprocessing = 0;
		};
/* End PBXSourcesBuildPhase section */

/* Begin PBXTargetDependency section */
		8591214121EC78E1000E5E7A /* PBXTargetDependency */ = {
			isa = PBXTargetDependency;
			target = 8591212A21EC78E1000E5E7A /* omrekenkoers */;
			targetProxy = 8591214021EC78E1000E5E7A /* PBXContainerItemProxy */;
		};
		8591214C21EC78E1000E5E7A /* PBXTargetDependency */ = {
			isa = PBXTargetDependency;
			target = 8591212A21EC78E1000E5E7A /* omrekenkoers */;
			targetProxy = 8591214B21EC78E1000E5E7A /* PBXContainerItemProxy */;
		};
/* End PBXTargetDependency section */

/* Begin PBXVariantGroup section */
		8591213221EC78E1000E5E7A /* Main.storyboard */ = {
			isa = PBXVariantGroup;
			children = (
				8591213321EC78E1000E5E7A /* Base */,
			);
			name = Main.storyboard;
			sourceTree = "<group>";
		};
		8591213721EC78E1000E5E7A /* LaunchScreen.storyboard */ = {
			isa = PBXVariantGroup;
			children = (
				8591213821EC78E1000E5E7A /* Base */,
			);
			name = LaunchScreen.storyboard;
			sourceTree = "<group>";
		};
/* End PBXVariantGroup section */

/* Begin XCBuildConfiguration section */
		8591215121EC78E1000E5E7A /* Debug */ = {
			isa = XCBuildConfiguration;
			buildSettings = {
				ALWAYS_SEARCH_USER_PATHS = NO;
				CLANG_ANALYZER_NONNULL = YES;
				CLANG_ANALYZER_NUMBER_OBJECT_CONVERSION = YES_AGGRESSIVE;
				CLANG_CXX_LANGUAGE_STANDARD = "gnu++14";
				CLANG_CXX_LIBRARY = "libc++";
				CLANG_ENABLE_MODULES = YES;
				CLANG_ENABLE_OBJC_ARC = YES;
				CLANG_WARN_BLOCK_CAPTURE_AUTORELEASING = YES;
				CLANG_WARN_BOOL_CONVERSION = YES;
				CLANG_WARN_COMMA = YES;
				CLANG_WARN_CONSTANT_CONVERSION = YES;
				CLANG_WARN_DIRECT_OBJC_ISA_USAGE = YES_ERROR;
				CLANG_WARN_DOCUMENTATION_COMMENTS = YES;
				CLANG_WARN_EMPTY_BODY = YES;
				CLANG_WARN_ENUM_CONVERSION = YES;
				CLANG_WARN_INFINITE_RECURSION = YES;
				CLANG_WARN_INT_CONVERSION = YES;
				CLANG_WARN_NON_LITERAL_NULL_CONVERSION = YES;
				CLANG_WARN_OBJC_LITERAL_CONVERSION = YES;
				CLANG_WARN_OBJC_ROOT_CLASS = YES_ERROR;
				CLANG_WARN_RANGE_LOOP_ANALYSIS = YES;
				CLANG_WARN_STRICT_PROTOTYPES = YES;
				CLANG_WARN_SUSPICIOUS_MOVE = YES;
				CLANG_WARN_UNGUARDED_AVAILABILITY = YES_AGGRESSIVE;
				CLANG_WARN_UNREACHABLE_CODE = YES;
				CLANG_WARN__DUPLICATE_METHOD_MATCH = YES;
				CODE_SIGN_IDENTITY = "iPhone Developer";
				COPY_PHASE_STRIP = NO;
				DEBUG_INFORMATION_FORMAT = dwarf;
				ENABLE_STRICT_OBJC_MSGSEND = YES;
				ENABLE_TESTABILITY = YES;
				GCC_C_LANGUAGE_STANDARD = gnu11;
				GCC_DYNAMIC_NO_PIC = NO;
				GCC_NO_COMMON_BLOCKS = YES;
				GCC_OPTIMIZATION_LEVEL = 0;
				GCC_PREPROCESSOR_DEFINITIONS = (
					"DEBUG=1",
					"$(inherited)",
				);
				GCC_WARN_64_TO_32_BIT_CONVERSION = YES;
				GCC_WARN_ABOUT_RETURN_TYPE = YES_ERROR;
				GCC_WARN_UNDECLARED_SELECTOR = YES;
				GCC_WARN_UNINITIALIZED_AUTOS = YES_AGGRESSIVE;
				GCC_WARN_UNUSED_FUNCTION = YES;
				GCC_WARN_UNUSED_VARIABLE = YES;
				IPHONEOS_DEPLOYMENT_TARGET = 11.2;
				MTL_ENABLE_DEBUG_INFO = YES;
				ONLY_ACTIVE_ARCH = YES;
				SDKROOT = iphoneos;
				SWIFT_ACTIVE_COMPILATION_CONDITIONS = DEBUG;
				SWIFT_OPTIMIZATION_LEVEL = "-Onone";
			};
			name = Debug;
		};
		8591215221EC78E1000E5E7A /* Release */ = {
			isa = XCBuildConfiguration;
			buildSettings = {
				ALWAYS_SEARCH_USER_PATHS = NO;
				CLANG_ANALYZER_NONNULL = YES;
				CLANG_ANALYZER_NUMBER_OBJECT_CONVERSION = YES_AGGRESSIVE;
				CLANG_CXX_LANGUAGE_STANDARD = "gnu++14";
				CLANG_CXX_LIBRARY = "libc++";
				CLANG_ENABLE_MODULES = YES;
				CLANG_ENABLE_OBJC_ARC = YES;
				CLANG_WARN_BLOCK_CAPTURE_AUTORELEASING = YES;
				CLANG_WARN_BOOL_CONVERSION = YES;
				CLANG_WARN_COMMA = YES;
				CLANG_WARN_CONSTANT_CONVERSION = YES;
				CLANG_WARN_DIRECT_OBJC_ISA_USAGE = YES_ERROR;
				CLANG_WARN_DOCUMENTATION_COMMENTS = YES;
				CLANG_WARN_EMPTY_BODY = YES;
				CLANG_WARN_ENUM_CONVERSION = YES;
				CLANG_WARN_INFINITE_RECURSION = YES;
				CLANG_WARN_INT_CONVERSION = YES;
				CLANG_WARN_NON_LITERAL_NULL_CONVERSION = YES;
				CLANG_WARN_OBJC_LITERAL_CONVERSION = YES;
				CLANG_WARN_OBJC_ROOT_CLASS = YES_ERROR;
				CLANG_WARN_RANGE_LOOP_ANALYSIS = YES;
				CLANG_WARN_STRICT_PROTOTYPES = YES;
				CLANG_WARN_SUSPICIOUS_MOVE = YES;
				CLANG_WARN_UNGUARDED_AVAILABILITY = YES_AGGRESSIVE;
				CLANG_WARN_UNREACHABLE_CODE = YES;
				CLANG_WARN__DUPLICATE_METHOD_MATCH = YES;
				CODE_SIGN_IDENTITY = "iPhone Developer";
				COPY_PHASE_STRIP = NO;
				DEBUG_INFORMATION_FORMAT = "dwarf-with-dsym";
				ENABLE_NS_ASSERTIONS = NO;
				ENABLE_STRICT_OBJC_MSGSEND = YES;
				GCC_C_LANGUAGE_STANDARD = gnu11;
				GCC_NO_COMMON_BLOCKS = YES;
				GCC_WARN_64_TO_32_BIT_CONVERSION = YES;
				GCC_WARN_ABOUT_RETURN_TYPE = YES_ERROR;
				GCC_WARN_UNDECLARED_SELECTOR = YES;
				GCC_WARN_UNINITIALIZED_AUTOS = YES_AGGRESSIVE;
				GCC_WARN_UNUSED_FUNCTION = YES;
				GCC_WARN_UNUSED_VARIABLE = YES;
				IPHONEOS_DEPLOYMENT_TARGET = 11.2;
				MTL_ENABLE_DEBUG_INFO = NO;
				SDKROOT = iphoneos;
				SWIFT_OPTIMIZATION_LEVEL = "-Owholemodule";
				VALIDATE_PRODUCT = YES;
			};
			name = Release;
		};
		8591215421EC78E1000E5E7A /* Debug */ = {
			isa = XCBuildConfiguration;
			buildSettings = {
				ASSETCATALOG_COMPILER_APPICON_NAME = AppIcon;
				CODE_SIGN_STYLE = Automatic;
				INFOPLIST_FILE = omrekenkoers/Info.plist;
				LD_RUNPATH_SEARCH_PATHS = "$(inherited) @executable_path/Frameworks";
				PRODUCT_BUNDLE_IDENTIFIER = glr.omrekenkoers;
				PRODUCT_NAME = "$(TARGET_NAME)";
				SWIFT_VERSION = 4.0;
				TARGETED_DEVICE_FAMILY = "1,2";
			};
			name = Debug;
		};
		8591215521EC78E1000E5E7A /* Release */ = {
			isa = XCBuildConfiguration;
			buildSettings = {
				ASSETCATALOG_COMPILER_APPICON_NAME = AppIcon;
				CODE_SIGN_STYLE = Automatic;
				INFOPLIST_FILE = omrekenkoers/Info.plist;
				LD_RUNPATH_SEARCH_PATHS = "$(inherited) @executable_path/Frameworks";
				PRODUCT_BUNDLE_IDENTIFIER = glr.omrekenkoers;
				PRODUCT_NAME = "$(TARGET_NAME)";
				SWIFT_VERSION = 4.0;
				TARGETED_DEVICE_FAMILY = "1,2";
			};
			name = Release;
		};
		8591215721EC78E1000E5E7A /* Debug */ = {
			isa = XCBuildConfiguration;
			buildSettings = {
				ALWAYS_EMBED_SWIFT_STANDARD_LIBRARIES = YES;
				BUNDLE_LOADER = "$(TEST_HOST)";
				CODE_SIGN_STYLE = Automatic;
				INFOPLIST_FILE = omrekenkoersTests/Info.plist;
				LD_RUNPATH_SEARCH_PATHS = "$(inherited) @executable_path/Frameworks @loader_path/Frameworks";
				PRODUCT_BUNDLE_IDENTIFIER = glr.omrekenkoersTests;
				PRODUCT_NAME = "$(TARGET_NAME)";
				SWIFT_VERSION = 4.0;
				TARGETED_DEVICE_FAMILY = "1,2";
				TEST_HOST = "$(BUILT_PRODUCTS_DIR)/omrekenkoers.app/omrekenkoers";
			};
			name = Debug;
		};
		8591215821EC78E1000E5E7A /* Release */ = {
			isa = XCBuildConfiguration;
			buildSettings = {
				ALWAYS_EMBED_SWIFT_STANDARD_LIBRARIES = YES;
				BUNDLE_LOADER = "$(TEST_HOST)";
				CODE_SIGN_STYLE = Automatic;
				INFOPLIST_FILE = omrekenkoersTests/Info.plist;
				LD_RUNPATH_SEARCH_PATHS = "$(inherited) @executable_path/Frameworks @loader_path/Frameworks";
				PRODUCT_BUNDLE_IDENTIFIER = glr.omrekenkoersTests;
				PRODUCT_NAME = "$(TARGET_NAME)";
				SWIFT_VERSION = 4.0;
				TARGETED_DEVICE_FAMILY = "1,2";
				TEST_HOST = "$(BUILT_PRODUCTS_DIR)/omrekenkoers.app/omrekenkoers";
			};
			name = Release;
		};
		8591215A21EC78E1000E5E7A /* Debug */ = {
			isa = XCBuildConfiguration;
			buildSettings = {
				ALWAYS_EMBED_SWIFT_STANDARD_LIBRARIES = YES;
				CODE_SIGN_STYLE = Automatic;
				INFOPLIST_FILE = omrekenkoersUITests/Info.plist;
				LD_RUNPATH_SEARCH_PATHS = "$(inherited) @executable_path/Frameworks @loader_path/Frameworks";
				PRODUCT_BUNDLE_IDENTIFIER = glr.omrekenkoersUITests;
				PRODUCT_NAME = "$(TARGET_NAME)";
				SWIFT_VERSION = 4.0;
				TARGETED_DEVICE_FAMILY = "1,2";
				TEST_TARGET_NAME = omrekenkoers;
			};
			name = Debug;
		};
		8591215B21EC78E1000E5E7A /* Release */ = {
			isa = XCBuildConfiguration;
			buildSettings = {
				ALWAYS_EMBED_SWIFT_STANDARD_LIBRARIES = YES;
				CODE_SIGN_STYLE = Automatic;
				INFOPLIST_FILE = omrekenkoersUITests/Info.plist;
				LD_RUNPATH_SEARCH_PATHS = "$(inherited) @executable_path/Frameworks @loader_path/Frameworks";
				PRODUCT_BUNDLE_IDENTIFIER = glr.omrekenkoersUITests;
				PRODUCT_NAME = "$(TARGET_NAME)";
				SWIFT_VERSION = 4.0;
				TARGETED_DEVICE_FAMILY = "1,2";
				TEST_TARGET_NAME = omrekenkoers;
			};
			name = Release;
		};
/* End XCBuildConfiguration section */

/* Begin XCConfigurationList section */
		8591212621EC78E1000E5E7A /* Build configuration list for PBXProject "omrekenkoers" */ = {
			isa = XCConfigurationList;
			buildConfigurations = (
				8591215121EC78E1000E5E7A /* Debug */,
				8591215221EC78E1000E5E7A /* Release */,
			);
			defaultConfigurationIsVisible = 0;
			defaultConfigurationName = Release;
		};
		8591215321EC78E1000E5E7A /* Build configuration list for PBXNativeTarget "omrekenkoers" */ = {
			isa = XCConfigurationList;
			buildConfigurations = (
				8591215421EC78E1000E5E7A /* Debug */,
				8591215521EC78E1000E5E7A /* Release */,
			);
			defaultConfigurationIsVisible = 0;
			defaultConfigurationName = Release;
		};
		8591215621EC78E1000E5E7A /* Build configuration list for PBXNativeTarget "omrekenkoersTests" */ = {
			isa = XCConfigurationList;
			buildConfigurations = (
				8591215721EC78E1000E5E7A /* Debug */,
				8591215821EC78E1000E5E7A /* Release */,
			);
			defaultConfigurationIsVisible = 0;
			defaultConfigurationName = Release;
		};
		8591215921EC78E1000E5E7A /* Build configuration list for PBXNativeTarget "omrekenkoersUITests" */ = {
			isa = XCConfigurationList;
			buildConfigurations = (
				8591215A21EC78E1000E5E7A /* Debug */,
				8591215B21EC78E1000E5E7A /* Release */,
			);
			defaultConfigurationIsVisible = 0;
			defaultConfigurationName = Release;
		};
/* End XCConfigurationList section */
	};
	rootObject = 8591212321EC78E1000E5E7A /* Project object */;
}
